// !$*UTF8*$!
{
	archiveVersion = 1;
	classes = {
	};
	objectVersion = 46;
	objects = {

/* Begin PBXBuildFile section */
		F2119DA21C681DCB006D34F0 /* AppDelegate.swift in Sources */ = {isa = PBXBuildFile; fileRef = F2119DA11C681DCB006D34F0 /* AppDelegate.swift */; };
		F2119DA71C681DCB006D34F0 /* Main.storyboard in Resources */ = {isa = PBXBuildFile; fileRef = F2119DA51C681DCB006D34F0 /* Main.storyboard */; };
		F2119DA91C681DCB006D34F0 /* Assets.xcassets in Resources */ = {isa = PBXBuildFile; fileRef = F2119DA81C681DCB006D34F0 /* Assets.xcassets */; };
		F2119DAC1C681DCB006D34F0 /* LaunchScreen.storyboard in Resources */ = {isa = PBXBuildFile; fileRef = F2119DAA1C681DCB006D34F0 /* LaunchScreen.storyboard */; };
		F2119DB81C6833A4006D34F0 /* ConversionViewController.swift in Sources */ = {isa = PBXBuildFile; fileRef = F2119DB71C6833A4006D34F0 /* ConversionViewController.swift */; };
		F2119DBC1C68571C006D34F0 /* MapViewController.swift in Sources */ = {isa = PBXBuildFile; fileRef = F2119DBB1C68571C006D34F0 /* MapViewController.swift */; };
		F2119DBE1C69AD8A006D34F0 /* WebViewController.swift in Sources */ = {isa = PBXBuildFile; fileRef = F2119DBD1C69AD8A006D34F0 /* WebViewController.swift */; };
		F2119DC11C69C71F006D34F0 /* MapKit.framework in Frameworks */ = {isa = PBXBuildFile; fileRef = F2119DB91C68422A006D34F0 /* MapKit.framework */; };
		F2119DC31C6AF848006D34F0 /* Place.swift in Sources */ = {isa = PBXBuildFile; fileRef = F2119DC21C6AF848006D34F0 /* Place.swift */; };
		F2119DC91C6C59D2006D34F0 /* Localizable.strings in Resources */ = {isa = PBXBuildFile; fileRef = F2119DCB1C6C59D2006D34F0 /* Localizable.strings */; };
/* End PBXBuildFile section */

/* Begin PBXFileReference section */
		F2119D9E1C681DCB006D34F0 /* WorldTrotter.app */ = {isa = PBXFileReference; explicitFileType = wrapper.application; includeInIndex = 0; path = WorldTrotter.app; sourceTree = BUILT_PRODUCTS_DIR; };
		F2119DA11C681DCB006D34F0 /* AppDelegate.swift */ = {isa = PBXFileReference; lastKnownFileType = sourcecode.swift; path = AppDelegate.swift; sourceTree = "<group>"; };
		F2119DA61C681DCB006D34F0 /* Base */ = {isa = PBXFileReference; lastKnownFileType = file.storyboard; name = Base; path = Base.lproj/Main.storyboard; sourceTree = "<group>"; };
		F2119DA81C681DCB006D34F0 /* Assets.xcassets */ = {isa = PBXFileReference; lastKnownFileType = folder.assetcatalog; path = Assets.xcassets; sourceTree = "<group>"; };
		F2119DAB1C681DCB006D34F0 /* Base */ = {isa = PBXFileReference; lastKnownFileType = file.storyboard; name = Base; path = Base.lproj/LaunchScreen.storyboard; sourceTree = "<group>"; };
		F2119DAD1C681DCB006D34F0 /* Info.plist */ = {isa = PBXFileReference; lastKnownFileType = text.plist.xml; path = Info.plist; sourceTree = "<group>"; };
		F2119DB71C6833A4006D34F0 /* ConversionViewController.swift */ = {isa = PBXFileReference; fileEncoding = 4; lastKnownFileType = sourcecode.swift; path = ConversionViewController.swift; sourceTree = "<group>"; };
		F2119DB91C68422A006D34F0 /* MapKit.framework */ = {isa = PBXFileReference; lastKnownFileType = wrapper.framework; name = MapKit.framework; path = System/Library/Frameworks/MapKit.framework; sourceTree = SDKROOT; };
		F2119DBB1C68571C006D34F0 /* MapViewController.swift */ = {isa = PBXFileReference; fileEncoding = 4; lastKnownFileType = sourcecode.swift; path = MapViewController.swift; sourceTree = "<group>"; };
		F2119DBD1C69AD8A006D34F0 /* WebViewController.swift */ = {isa = PBXFileReference; fileEncoding = 4; lastKnownFileType = sourcecode.swift; path = WebViewController.swift; sourceTree = "<group>"; };
		F2119DBF1C69C6C2006D34F0 /* CoreLocation.framework */ = {isa = PBXFileReference; lastKnownFileType = wrapper.framework; name = CoreLocation.framework; path = System/Library/Frameworks/CoreLocation.framework; sourceTree = SDKROOT; };
		F2119DC21C6AF848006D34F0 /* Place.swift */ = {isa = PBXFileReference; fileEncoding = 4; lastKnownFileType = sourcecode.swift; path = Place.swift; sourceTree = "<group>"; };
		F2119DC51C6C53CE006D34F0 /* en */ = {isa = PBXFileReference; lastKnownFileType = text.plist.strings; name = en; path = en.lproj/Main.strings; sourceTree = "<group>"; };
		F2119DC61C6C542D006D34F0 /* es */ = {isa = PBXFileReference; lastKnownFileType = text.plist.strings; name = es; path = es.lproj/Main.strings; sourceTree = "<group>"; };
		F2119DCA1C6C59D2006D34F0 /* Base */ = {isa = PBXFileReference; lastKnownFileType = text.plist.strings; name = Base; path = Base.lproj/Localizable.strings; sourceTree = "<group>"; };
		F2119DCC1C6C59DA006D34F0 /* en */ = {isa = PBXFileReference; lastKnownFileType = text.plist.strings; name = en; path = en.lproj/Localizable.strings; sourceTree = "<group>"; };
		F2119DCD1C6C59DB006D34F0 /* es */ = {isa = PBXFileReference; lastKnownFileType = text.plist.strings; name = es; path = es.lproj/Localizable.strings; sourceTree = "<group>"; };
		F2119DD01C6C5D28006D34F0 /* zh-Hans */ = {isa = PBXFileReference; lastKnownFileType = text.plist.strings; name = "zh-Hans"; path = "zh-Hans.lproj/Main.strings"; sourceTree = "<group>"; };
		F2119DD11C6C5D28006D34F0 /* zh-Hans */ = {isa = PBXFileReference; lastKnownFileType = text.plist.strings; name = "zh-Hans"; path = "zh-Hans.lproj/Localizable.strings"; sourceTree = "<group>"; };
/* End PBXFileReference section */

/* Begin PBXFrameworksBuildPhase section */
		F2119D9B1C681DCB006D34F0 /* Frameworks */ = {
			isa = PBXFrameworksBuildPhase;
			buildActionMask = 2147483647;
			files = (
				F2119DC11C69C71F006D34F0 /* MapKit.framework in Frameworks */,
			);
			runOnlyForDeploymentPostprocessing = 0;
		};
/* End PBXFrameworksBuildPhase section */

/* Begin PBXGroup section */
		F2119D951C681DCB006D34F0 = {
			isa = PBXGroup;
			children = (
				F2119DBF1C69C6C2006D34F0 /* CoreLocation.framework */,
				F2119DB91C68422A006D34F0 /* MapKit.framework */,
				F2119DA01C681DCB006D34F0 /* WorldTrotter */,
				F2119D9F1C681DCB006D34F0 /* Products */,
			);
			sourceTree = "<group>";
		};
		F2119D9F1C681DCB006D34F0 /* Products */ = {
			isa = PBXGroup;
			children = (
				F2119D9E1C681DCB006D34F0 /* WorldTrotter.app */,
			);
			name = Products;
			sourceTree = "<group>";
		};
		F2119DA01C681DCB006D34F0 /* WorldTrotter */ = {
			isa = PBXGroup;
			children = (
				F2119DCB1C6C59D2006D34F0 /* Localizable.strings */,
				F2119DBB1C68571C006D34F0 /* MapViewController.swift */,
				F2119DC21C6AF848006D34F0 /* Place.swift */,
				F2119DA11C681DCB006D34F0 /* AppDelegate.swift */,
				F2119DA51C681DCB006D34F0 /* Main.storyboard */,
				F2119DA81C681DCB006D34F0 /* Assets.xcassets */,
				F2119DAA1C681DCB006D34F0 /* LaunchScreen.storyboard */,
				F2119DAD1C681DCB006D34F0 /* Info.plist */,
				F2119DB71C6833A4006D34F0 /* ConversionViewController.swift */,
				F2119DBD1C69AD8A006D34F0 /* WebViewController.swift */,
			);
			path = WorldTrotter;
			sourceTree = "<group>";
		};
/* End PBXGroup section */

/* Begin PBXNativeTarget section */
		F2119D9D1C681DCB006D34F0 /* WorldTrotter */ = {
			isa = PBXNativeTarget;
			buildConfigurationList = F2119DB01C681DCB006D34F0 /* Build configuration list for PBXNativeTarget "WorldTrotter" */;
			buildPhases = (
				F2119D9A1C681DCB006D34F0 /* Sources */,
				F2119D9B1C681DCB006D34F0 /* Frameworks */,
				F2119D9C1C681DCB006D34F0 /* Resources */,
			);
			buildRules = (
			);
			dependencies = (
			);
			name = WorldTrotter;
			productName = WorldTrotter;
			productReference = F2119D9E1C681DCB006D34F0 /* WorldTrotter.app */;
			productType = "com.apple.product-type.application";
		};
/* End PBXNativeTarget section */

/* Begin PBXProject section */
		F2119D961C681DCB006D34F0 /* Project object */ = {
			isa = PBXProject;
			attributes = {
				LastSwiftUpdateCheck = 0720;
				LastUpgradeCheck = 0720;
				ORGANIZATIONNAME = "Ryan Zhang";
				TargetAttributes = {
					F2119D9D1C681DCB006D34F0 = {
						CreatedOnToolsVersion = 7.2.1;
					};
				};
			};
			buildConfigurationList = F2119D991C681DCB006D34F0 /* Build configuration list for PBXProject "WorldTrotter" */;
			compatibilityVersion = "Xcode 3.2";
			developmentRegion = English;
			hasScannedForEncodings = 0;
			knownRegions = (
				en,
				Base,
				es,
				"zh-Hans",
			);
			mainGroup = F2119D951C681DCB006D34F0;
			productRefGroup = F2119D9F1C681DCB006D34F0 /* Products */;
			projectDirPath = "";
			projectRoot = "";
			targets = (
				F2119D9D1C681DCB006D34F0 /* WorldTrotter */,
			);
		};
/* End PBXProject section */

/* Begin PBXResourcesBuildPhase section */
		F2119D9C1C681DCB006D34F0 /* Resources */ = {
			isa = PBXResourcesBuildPhase;
			buildActionMask = 2147483647;
			files = (
				F2119DAC1C681DCB006D34F0 /* LaunchScreen.storyboard in Resources */,
				F2119DC91C6C59D2006D34F0 /* Localizable.strings in Resources */,
				F2119DA91C681DCB006D34F0 /* Assets.xcassets in Resources */,
				F2119DA71C681DCB006D34F0 /* Main.storyboard in Resources */,
			);
			runOnlyForDeploymentPostprocessing = 0;
		};
/* End PBXResourcesBuildPhase section */

/* Begin PBXSourcesBuildPhase section */
		F2119D9A1C681DCB006D34F0 /* Sources */ = {
			isa = PBXSourcesBuildPhase;
			buildActionMask = 2147483647;
			files = (
				F2119DB81C6833A4006D34F0 /* ConversionViewController.swift in Sources */,
				F2119DBC1C68571C006D34F0 /* MapViewController.swift in Sources */,
				F2119DA21C681DCB006D34F0 /* AppDelegate.swift in Sources */,
				F2119DBE1C69AD8A006D34F0 /* WebViewController.swift in Sources */,
				F2119DC31C6AF848006D34F0 /* Place.swift in Sources */,
			);
			runOnlyForDeploymentPostprocessing = 0;
		};
/* End PBXSourcesBuildPhase section */

/* Begin PBXVariantGroup section */
		F2119DA51C681DCB006D34F0 /* Main.storyboard */ = {
			isa = PBXVariantGroup;
			children = (
				F2119DA61C681DCB006D34F0 /* Base */,
				F2119DC51C6C53CE006D34F0 /* en */,
				F2119DC61C6C542D006D34F0 /* es */,
				F2119DD01C6C5D28006D34F0 /* zh-Hans */,
			);
			name = Main.storyboard;
			sourceTree = "<group>";
		};
		F2119DAA1C681DCB006D34F0 /* LaunchScreen.storyboard */ = {
			isa = PBXVariantGroup;
			children = (
				F2119DAB1C681DCB006D34F0 /* Base */,
			);
			name = LaunchScreen.storyboard;
			sourceTree = "<group>";
		};
		F2119DCB1C6C59D2006D34F0 /* Localizable.strings */ = {
			isa = PBXVariantGroup;
			children = (
				F2119DCA1C6C59D2006D34F0 /* Base */,
				F2119DCC1C6C59DA006D34F0 /* en */,
				F2119DCD1C6C59DB006D34F0 /* es */,
				F2119DD11C6C5D28006D34F0 /* zh-Hans */,
			);
			name = Localizable.strings;
			sourceTree = "<group>";
		};
/* End PBXVariantGroup section */

/* Begin XCBuildConfiguration section */
		F2119DAE1C681DCB006D34F0 /* Debug */ = {
			isa = XCBuildConfiguration;
			buildSettings = {
				ALWAYS_SEARCH_USER_PATHS = NO;
				CLANG_CXX_LANGUAGE_STANDARD = "gnu++0x";
				CLANG_CXX_LIBRARY = "libc++";
				CLANG_ENABLE_MODULES = YES;
				CLANG_ENABLE_OBJC_ARC = YES;
				CLANG_WARN_BOOL_CONVERSION = YES;
				CLANG_WARN_CONSTANT_CONVERSION = YES;
				CLANG_WARN_DIRECT_OBJC_ISA_USAGE = YES_ERROR;
				CLANG_WARN_EMPTY_BODY = YES;
				CLANG_WARN_ENUM_CONVERSION = YES;
				CLANG_WARN_INT_CONVERSION = YES;
				CLANG_WARN_OBJC_ROOT_CLASS = YES_ERROR;
				CLANG_WARN_UNREACHABLE_CODE = YES;
				CLANG_WARN__DUPLICATE_METHOD_MATCH = YES;
				"CODE_SIGN_IDENTITY[sdk=iphoneos*]" = "iPhone Developer";
				COPY_PHASE_STRIP = NO;
				DEBUG_INFORMATION_FORMAT = dwarf;
				ENABLE_STRICT_OBJC_MSGSEND = YES;
				ENABLE_TESTABILITY = YES;
				GCC_C_LANGUAGE_STANDARD = gnu99;
				GCC_DYNAMIC_NO_PIC = NO;
				GCC_NO_COMMON_BLOCKS = YES;
				GCC_OPTIMIZATION_LEVEL = 0;
				GCC_PREPROCESSOR_DEFINITIONS = (
					"DEBUG=1",
					"$(inherited)",
				);
				GCC_WARN_64_TO_32_BIT_CONVERSION = YES;
				GCC_WARN_ABOUT_RETURN_TYPE = YES_ERROR;
				GCC_WARN_UNDECLARED_SELECTOR = YES;
				GCC_WARN_UNINITIALIZED_AUTOS = YES_AGGRESSIVE;
				GCC_WARN_UNUSED_FUNCTION = YES;
				GCC_WARN_UNUSED_VARIABLE = YES;
				IPHONEOS_DEPLOYMENT_TARGET = 9.2;
				MTL_ENABLE_DEBUG_INFO = YES;
				ONLY_ACTIVE_ARCH = YES;
				SDKROOT = iphoneos;
				SWIFT_OPTIMIZATION_LEVEL = "-Onone";
			};
			name = Debug;
		};
		F2119DAF1C681DCB006D34F0 /* Release */ = {
			isa = XCBuildConfiguration;
			buildSettings = {
				ALWAYS_SEARCH_USER_PATHS = NO;
				CLANG_CXX_LANGUAGE_STANDARD = "gnu++0x";
				CLANG_CXX_LIBRARY = "libc++";
				CLANG_ENABLE_MODULES = YES;
				CLANG_ENABLE_OBJC_ARC = YES;
				CLANG_WARN_BOOL_CONVERSION = YES;
				CLANG_WARN_CONSTANT_CONVERSION = YES;
				CLANG_WARN_DIRECT_OBJC_ISA_USAGE = YES_ERROR;
				CLANG_WARN_EMPTY_BODY = YES;
				CLANG_WARN_ENUM_CONVERSION = YES;
				CLANG_WARN_INT_CONVERSION = YES;
				CLANG_WARN_OBJC_ROOT_CLASS = YES_ERROR;
				CLANG_WARN_UNREACHABLE_CODE = YES;
				CLANG_WARN__DUPLICATE_METHOD_MATCH = YES;
				"CODE_SIGN_IDENTITY[sdk=iphoneos*]" = "iPhone Developer";
				COPY_PHASE_STRIP = NO;
				DEBUG_INFORMATION_FORMAT = "dwarf-with-dsym";
				ENABLE_NS_ASSERTIONS = NO;
				ENABLE_STRICT_OBJC_MSGSEND = YES;
				GCC_C_LANGUAGE_STANDARD = gnu99;
				GCC_NO_COMMON_BLOCKS = YES;
				GCC_WARN_64_TO_32_BIT_CONVERSION = YES;
				GCC_WARN_ABOUT_RETURN_TYPE = YES_ERROR;
				GCC_WARN_UNDECLARED_SELECTOR = YES;
				GCC_WARN_UNINITIALIZED_AUTOS = YES_AGGRESSIVE;
				GCC_WARN_UNUSED_FUNCTION = YES;
				GCC_WARN_UNUSED_VARIABLE = YES;
				IPHONEOS_DEPLOYMENT_TARGET = 9.2;
				MTL_ENABLE_DEBUG_INFO = NO;
				SDKROOT = iphoneos;
				VALIDATE_PRODUCT = YES;
			};
			name = Release;
		};
		F2119DB11C681DCB006D34F0 /* Debug */ = {
			isa = XCBuildConfiguration;
			buildSettings = {
				ASSETCATALOG_COMPILER_APPICON_NAME = AppIcon;
				INFOPLIST_FILE = WorldTrotter/Info.plist;
				LD_RUNPATH_SEARCH_PATHS = "$(inherited) @executable_path/Frameworks";
				PRODUCT_BUNDLE_IDENTIFIER = self.edu.ryan.WorldTrotter;
				PRODUCT_NAME = "$(TARGET_NAME)";
			};
			name = Debug;
		};
		F2119DB21C681DCB006D34F0 /* Release */ = {
			isa = XCBuildConfiguration;
			buildSettings = {
				ASSETCATALOG_COMPILER_APPICON_NAME = AppIcon;
				INFOPLIST_FILE = WorldTrotter/Info.plist;
				LD_RUNPATH_SEARCH_PATHS = "$(inherited) @executable_path/Frameworks";
				PRODUCT_BUNDLE_IDENTIFIER = self.edu.ryan.WorldTrotter;
				PRODUCT_NAME = "$(TARGET_NAME)";
			};
			name = Release;
		};
/* End XCBuildConfiguration section */

/* Begin XCConfigurationList section */
		F2119D991C681DCB006D34F0 /* Build configuration list for PBXProject "WorldTrotter" */ = {
			isa = XCConfigurationList;
			buildConfigurations = (
				F2119DAE1C681DCB006D34F0 /* Debug */,
				F2119DAF1C681DCB006D34F0 /* Release */,
			);
			defaultConfigurationIsVisible = 0;
			defaultConfigurationName = Release;
		};
		F2119DB01C681DCB006D34F0 /* Build configuration list for PBXNativeTarget "WorldTrotter" */ = {
			isa = XCConfigurationList;
			buildConfigurations = (
				F2119DB11C681DCB006D34F0 /* Debug */,
				F2119DB21C681DCB006D34F0 /* Release */,
			);
			defaultConfigurationIsVisible = 0;
		};
/* End XCConfigurationList section */
	};
	rootObject = F2119D961C681DCB006D34F0 /* Project object */;
}
