// !$*UTF8*$!
{
	archiveVersion = 1;
	classes = {
	};
	objectVersion = 46;
	objects = {

/* Begin PBXBuildFile section */
		F28446FD1C71C4D000113E22 /* ItemCell.swift in Sources */ = {isa = PBXBuildFile; fileRef = F28446FC1C71C4D000113E22 /* ItemCell.swift */; };
		F2F051C11C6FFA350002F894 /* AppDelegate.swift in Sources */ = {isa = PBXBuildFile; fileRef = F2F051C01C6FFA350002F894 /* AppDelegate.swift */; };
		F2F051C61C6FFA350002F894 /* Main.storyboard in Resources */ = {isa = PBXBuildFile; fileRef = F2F051C41C6FFA350002F894 /* Main.storyboard */; };
		F2F051C81C6FFA350002F894 /* Assets.xcassets in Resources */ = {isa = PBXBuildFile; fileRef = F2F051C71C6FFA350002F894 /* Assets.xcassets */; };
		F2F051CB1C6FFA350002F894 /* LaunchScreen.storyboard in Resources */ = {isa = PBXBuildFile; fileRef = F2F051C91C6FFA350002F894 /* LaunchScreen.storyboard */; };
		F2F051D31C6FFB6F0002F894 /* ItemsViewController.swift in Sources */ = {isa = PBXBuildFile; fileRef = F2F051D21C6FFB6F0002F894 /* ItemsViewController.swift */; };
		F2F051D51C6FFC450002F894 /* Item.swift in Sources */ = {isa = PBXBuildFile; fileRef = F2F051D41C6FFC450002F894 /* Item.swift */; };
		F2F051D71C6FFF850002F894 /* ItemStore.swift in Sources */ = {isa = PBXBuildFile; fileRef = F2F051D61C6FFF850002F894 /* ItemStore.swift */; };
/* End PBXBuildFile section */

/* Begin PBXFileReference section */
		F28446FC1C71C4D000113E22 /* ItemCell.swift */ = {isa = PBXFileReference; fileEncoding = 4; lastKnownFileType = sourcecode.swift; path = ItemCell.swift; sourceTree = "<group>"; };
		F2F051BD1C6FFA350002F894 /* Homepwner.app */ = {isa = PBXFileReference; explicitFileType = wrapper.application; includeInIndex = 0; path = Homepwner.app; sourceTree = BUILT_PRODUCTS_DIR; };
		F2F051C01C6FFA350002F894 /* AppDelegate.swift */ = {isa = PBXFileReference; lastKnownFileType = sourcecode.swift; path = AppDelegate.swift; sourceTree = "<group>"; };
		F2F051C51C6FFA350002F894 /* Base */ = {isa = PBXFileReference; lastKnownFileType = file.storyboard; name = Base; path = Base.lproj/Main.storyboard; sourceTree = "<group>"; };
		F2F051C71C6FFA350002F894 /* Assets.xcassets */ = {isa = PBXFileReference; lastKnownFileType = folder.assetcatalog; path = Assets.xcassets; sourceTree = "<group>"; };
		F2F051CA1C6FFA350002F894 /* Base */ = {isa = PBXFileReference; lastKnownFileType = file.storyboard; name = Base; path = Base.lproj/LaunchScreen.storyboard; sourceTree = "<group>"; };
		F2F051CC1C6FFA350002F894 /* Info.plist */ = {isa = PBXFileReference; lastKnownFileType = text.plist.xml; path = Info.plist; sourceTree = "<group>"; };
		F2F051D21C6FFB6F0002F894 /* ItemsViewController.swift */ = {isa = PBXFileReference; fileEncoding = 4; lastKnownFileType = sourcecode.swift; path = ItemsViewController.swift; sourceTree = "<group>"; };
		F2F051D41C6FFC450002F894 /* Item.swift */ = {isa = PBXFileReference; fileEncoding = 4; lastKnownFileType = sourcecode.swift; path = Item.swift; sourceTree = "<group>"; };
		F2F051D61C6FFF850002F894 /* ItemStore.swift */ = {isa = PBXFileReference; fileEncoding = 4; lastKnownFileType = sourcecode.swift; path = ItemStore.swift; sourceTree = "<group>"; };
/* End PBXFileReference section */

/* Begin PBXFrameworksBuildPhase section */
		F2F051BA1C6FFA350002F894 /* Frameworks */ = {
			isa = PBXFrameworksBuildPhase;
			buildActionMask = 2147483647;
			files = (
			);
			runOnlyForDeploymentPostprocessing = 0;
		};
/* End PBXFrameworksBuildPhase section */

/* Begin PBXGroup section */
		F2F051B41C6FFA350002F894 = {
			isa = PBXGroup;
			children = (
				F2F051BF1C6FFA350002F894 /* Homepwner */,
				F2F051BE1C6FFA350002F894 /* Products */,
			);
			sourceTree = "<group>";
		};
		F2F051BE1C6FFA350002F894 /* Products */ = {
			isa = PBXGroup;
			children = (
				F2F051BD1C6FFA350002F894 /* Homepwner.app */,
			);
			name = Products;
			sourceTree = "<group>";
		};
		F2F051BF1C6FFA350002F894 /* Homepwner */ = {
			isa = PBXGroup;
			children = (
				F2F051D21C6FFB6F0002F894 /* ItemsViewController.swift */,
				F28446FC1C71C4D000113E22 /* ItemCell.swift */,
				F2F051C01C6FFA350002F894 /* AppDelegate.swift */,
				F2F051C41C6FFA350002F894 /* Main.storyboard */,
				F2F051D41C6FFC450002F894 /* Item.swift */,
				F2F051D61C6FFF850002F894 /* ItemStore.swift */,
				F2F051C71C6FFA350002F894 /* Assets.xcassets */,
				F2F051C91C6FFA350002F894 /* LaunchScreen.storyboard */,
				F2F051CC1C6FFA350002F894 /* Info.plist */,
			);
			path = Homepwner;
			sourceTree = "<group>";
		};
/* End PBXGroup section */

/* Begin PBXNativeTarget section */
		F2F051BC1C6FFA350002F894 /* Homepwner */ = {
			isa = PBXNativeTarget;
			buildConfigurationList = F2F051CF1C6FFA350002F894 /* Build configuration list for PBXNativeTarget "Homepwner" */;
			buildPhases = (
				F2F051B91C6FFA350002F894 /* Sources */,
				F2F051BA1C6FFA350002F894 /* Frameworks */,
				F2F051BB1C6FFA350002F894 /* Resources */,
			);
			buildRules = (
			);
			dependencies = (
			);
			name = Homepwner;
			productName = Homepwner;
			productReference = F2F051BD1C6FFA350002F894 /* Homepwner.app */;
			productType = "com.apple.product-type.application";
		};
/* End PBXNativeTarget section */

/* Begin PBXProject section */
		F2F051B51C6FFA350002F894 /* Project object */ = {
			isa = PBXProject;
			attributes = {
				LastSwiftUpdateCheck = 0720;
				LastUpgradeCheck = 0720;
				ORGANIZATIONNAME = "Ryan Zhang";
				TargetAttributes = {
					F2F051BC1C6FFA350002F894 = {
						CreatedOnToolsVersion = 7.2.1;
					};
				};
			};
			buildConfigurationList = F2F051B81C6FFA350002F894 /* Build configuration list for PBXProject "Homepwner" */;
			compatibilityVersion = "Xcode 3.2";
			developmentRegion = English;
			hasScannedForEncodings = 0;
			knownRegions = (
				en,
				Base,
			);
			mainGroup = F2F051B41C6FFA350002F894;
			productRefGroup = F2F051BE1C6FFA350002F894 /* Products */;
			projectDirPath = "";
			projectRoot = "";
			targets = (
				F2F051BC1C6FFA350002F894 /* Homepwner */,
			);
		};
/* End PBXProject section */

/* Begin PBXResourcesBuildPhase section */
		F2F051BB1C6FFA350002F894 /* Resources */ = {
			isa = PBXResourcesBuildPhase;
			buildActionMask = 2147483647;
			files = (
				F2F051CB1C6FFA350002F894 /* LaunchScreen.storyboard in Resources */,
				F2F051C81C6FFA350002F894 /* Assets.xcassets in Resources */,
				F2F051C61C6FFA350002F894 /* Main.storyboard in Resources */,
			);
			runOnlyForDeploymentPostprocessing = 0;
		};
/* End PBXResourcesBuildPhase section */

/* Begin PBXSourcesBuildPhase section */
		F2F051B91C6FFA350002F894 /* Sources */ = {
			isa = PBXSourcesBuildPhase;
			buildActionMask = 2147483647;
			files = (
				F2F051D31C6FFB6F0002F894 /* ItemsViewController.swift in Sources */,
				F2F051D51C6FFC450002F894 /* Item.swift in Sources */,
				F2F051D71C6FFF850002F894 /* ItemStore.swift in Sources */,
				F2F051C11C6FFA350002F894 /* AppDelegate.swift in Sources */,
				F28446FD1C71C4D000113E22 /* ItemCell.swift in Sources */,
			);
			runOnlyForDeploymentPostprocessing = 0;
		};
/* End PBXSourcesBuildPhase section */

/* Begin PBXVariantGroup section */
		F2F051C41C6FFA350002F894 /* Main.storyboard */ = {
			isa = PBXVariantGroup;
			children = (
				F2F051C51C6FFA350002F894 /* Base */,
			);
			name = Main.storyboard;
			sourceTree = "<group>";
		};
		F2F051C91C6FFA350002F894 /* LaunchScreen.storyboard */ = {
			isa = PBXVariantGroup;
			children = (
				F2F051CA1C6FFA350002F894 /* Base */,
			);
			name = LaunchScreen.storyboard;
			sourceTree = "<group>";
		};
/* End PBXVariantGroup section */

/* Begin XCBuildConfiguration section */
		F2F051CD1C6FFA350002F894 /* Debug */ = {
			isa = XCBuildConfiguration;
			buildSettings = {
				ALWAYS_SEARCH_USER_PATHS = NO;
				CLANG_CXX_LANGUAGE_STANDARD = "gnu++0x";
				CLANG_CXX_LIBRARY = "libc++";
				CLANG_ENABLE_MODULES = YES;
				CLANG_ENABLE_OBJC_ARC = YES;
				CLANG_WARN_BOOL_CONVERSION = YES;
				CLANG_WARN_CONSTANT_CONVERSION = YES;
				CLANG_WARN_DIRECT_OBJC_ISA_USAGE = YES_ERROR;
				CLANG_WARN_EMPTY_BODY = YES;
				CLANG_WARN_ENUM_CONVERSION = YES;
				CLANG_WARN_INT_CONVERSION = YES;
				CLANG_WARN_OBJC_ROOT_CLASS = YES_ERROR;
				CLANG_WARN_UNREACHABLE_CODE = YES;
				CLANG_WARN__DUPLICATE_METHOD_MATCH = YES;
				"CODE_SIGN_IDENTITY[sdk=iphoneos*]" = "iPhone Developer";
				COPY_PHASE_STRIP = NO;
				DEBUG_INFORMATION_FORMAT = dwarf;
				ENABLE_STRICT_OBJC_MSGSEND = YES;
				ENABLE_TESTABILITY = YES;
				GCC_C_LANGUAGE_STANDARD = gnu99;
				GCC_DYNAMIC_NO_PIC = NO;
				GCC_NO_COMMON_BLOCKS = YES;
				GCC_OPTIMIZATION_LEVEL = 0;
				GCC_PREPROCESSOR_DEFINITIONS = (
					"DEBUG=1",
					"$(inherited)",
				);
				GCC_WARN_64_TO_32_BIT_CONVERSION = YES;
				GCC_WARN_ABOUT_RETURN_TYPE = YES_ERROR;
				GCC_WARN_UNDECLARED_SELECTOR = YES;
				GCC_WARN_UNINITIALIZED_AUTOS = YES_AGGRESSIVE;
				GCC_WARN_UNUSED_FUNCTION = YES;
				GCC_WARN_UNUSED_VARIABLE = YES;
				IPHONEOS_DEPLOYMENT_TARGET = 9.2;
				MTL_ENABLE_DEBUG_INFO = YES;
				ONLY_ACTIVE_ARCH = YES;
				SDKROOT = iphoneos;
				SWIFT_OPTIMIZATION_LEVEL = "-Onone";
			};
			name = Debug;
		};
		F2F051CE1C6FFA350002F894 /* Release */ = {
			isa = XCBuildConfiguration;
			buildSettings = {
				ALWAYS_SEARCH_USER_PATHS = NO;
				CLANG_CXX_LANGUAGE_STANDARD = "gnu++0x";
				CLANG_CXX_LIBRARY = "libc++";
				CLANG_ENABLE_MODULES = YES;
				CLANG_ENABLE_OBJC_ARC = YES;
				CLANG_WARN_BOOL_CONVERSION = YES;
				CLANG_WARN_CONSTANT_CONVERSION = YES;
				CLANG_WARN_DIRECT_OBJC_ISA_USAGE = YES_ERROR;
				CLANG_WARN_EMPTY_BODY = YES;
				CLANG_WARN_ENUM_CONVERSION = YES;
				CLANG_WARN_INT_CONVERSION = YES;
				CLANG_WARN_OBJC_ROOT_CLASS = YES_ERROR;
				CLANG_WARN_UNREACHABLE_CODE = YES;
				CLANG_WARN__DUPLICATE_METHOD_MATCH = YES;
				"CODE_SIGN_IDENTITY[sdk=iphoneos*]" = "iPhone Developer";
				COPY_PHASE_STRIP = NO;
				DEBUG_INFORMATION_FORMAT = "dwarf-with-dsym";
				ENABLE_NS_ASSERTIONS = NO;
				ENABLE_STRICT_OBJC_MSGSEND = YES;
				GCC_C_LANGUAGE_STANDARD = gnu99;
				GCC_NO_COMMON_BLOCKS = YES;
				GCC_WARN_64_TO_32_BIT_CONVERSION = YES;
				GCC_WARN_ABOUT_RETURN_TYPE = YES_ERROR;
				GCC_WARN_UNDECLARED_SELECTOR = YES;
				GCC_WARN_UNINITIALIZED_AUTOS = YES_AGGRESSIVE;
				GCC_WARN_UNUSED_FUNCTION = YES;
				GCC_WARN_UNUSED_VARIABLE = YES;
				IPHONEOS_DEPLOYMENT_TARGET = 9.2;
				MTL_ENABLE_DEBUG_INFO = NO;
				SDKROOT = iphoneos;
				VALIDATE_PRODUCT = YES;
			};
			name = Release;
		};
		F2F051D01C6FFA350002F894 /* Debug */ = {
			isa = XCBuildConfiguration;
			buildSettings = {
				ASSETCATALOG_COMPILER_APPICON_NAME = AppIcon;
				INFOPLIST_FILE = Homepwner/Info.plist;
				LD_RUNPATH_SEARCH_PATHS = "$(inherited) @executable_path/Frameworks";
				PRODUCT_BUNDLE_IDENTIFIER = self.edu.ryan.Homepwner;
				PRODUCT_NAME = "$(TARGET_NAME)";
			};
			name = Debug;
		};
		F2F051D11C6FFA350002F894 /* Release */ = {
			isa = XCBuildConfiguration;
			buildSettings = {
				ASSETCATALOG_COMPILER_APPICON_NAME = AppIcon;
				INFOPLIST_FILE = Homepwner/Info.plist;
				LD_RUNPATH_SEARCH_PATHS = "$(inherited) @executable_path/Frameworks";
				PRODUCT_BUNDLE_IDENTIFIER = self.edu.ryan.Homepwner;
				PRODUCT_NAME = "$(TARGET_NAME)";
			};
			name = Release;
		};
/* End XCBuildConfiguration section */

/* Begin XCConfigurationList section */
		F2F051B81C6FFA350002F894 /* Build configuration list for PBXProject "Homepwner" */ = {
			isa = XCConfigurationList;
			buildConfigurations = (
				F2F051CD1C6FFA350002F894 /* Debug */,
				F2F051CE1C6FFA350002F894 /* Release */,
			);
			defaultConfigurationIsVisible = 0;
			defaultConfigurationName = Release;
		};
		F2F051CF1C6FFA350002F894 /* Build configuration list for PBXNativeTarget "Homepwner" */ = {
			isa = XCConfigurationList;
			buildConfigurations = (
				F2F051D01C6FFA350002F894 /* Debug */,
				F2F051D11C6FFA350002F894 /* Release */,
			);
			defaultConfigurationIsVisible = 0;
			defaultConfigurationName = Release;
		};
/* End XCConfigurationList section */
	};
	rootObject = F2F051B51C6FFA350002F894 /* Project object */;
}
